
Microsoft Visual Studio Solution File, Format Version 12.00
# Visual Studio 2012
Project("{FAE04EC0-301F-11D3-BF4B-00C04F79EFBC}") = "ListExample", "ListExample\ListExample.csproj", "{17B64907-8451-4044-B3C3-2D2A496F4A3B}"
EndProject
Global
	GlobalSection(SolutionConfigurationPlatforms) = preSolution
		Debug|Any CPU = Debug|Any CPU
		Release|Any CPU = Release|Any CPU
	EndGlobalSection
	GlobalSection(ProjectConfigurationPlatforms) = postSolution
		{17B64907-8451-4044-B3C3-2D2A496F4A3B}.Debug|Any CPU.ActiveCfg = Debug|Any CPU
		{17B64907-8451-4044-B3C3-2D2A496F4A3B}.Debug|Any CPU.Build.0 = Debug|Any CPU
		{17B64907-8451-4044-B3C3-2D2A496F4A3B}.Release|Any CPU.ActiveCfg = Release|Any CPU
		{17B64907-8451-4044-B3C3-2D2A496F4A3B}.Release|Any CPU.Build.0 = Release|Any CPU
	EndGlobalSection
	GlobalSection(SolutionProperties) = preSolution
		HideSolutionNode = FALSE
	EndGlobalSection
EndGlobal
